// !$*UTF8*$!
{
	archiveVersion = 1;
	classes = {
	};
	objectVersion = 56;
	objects = {

/* Begin PBXBuildFile section */
		32BF15C32AE1102D007EC056 /* AppDelegate.swift in Sources */ = {isa = PBXBuildFile; fileRef = 32BF15C22AE1102D007EC056 /* AppDelegate.swift */; };
		32BF15C52AE1102D007EC056 /* SceneDelegate.swift in Sources */ = {isa = PBXBuildFile; fileRef = 32BF15C42AE1102D007EC056 /* SceneDelegate.swift */; };
		32BF15CC2AE11032007EC056 /* Assets.xcassets in Resources */ = {isa = PBXBuildFile; fileRef = 32BF15CB2AE11032007EC056 /* Assets.xcassets */; };
		32BF15CF2AE11032007EC056 /* LaunchScreen.storyboard in Resources */ = {isa = PBXBuildFile; fileRef = 32BF15CD2AE11032007EC056 /* LaunchScreen.storyboard */; };
		32BF15DB2AE1193C007EC056 /* MainViewController.swift in Sources */ = {isa = PBXBuildFile; fileRef = 32BF15DA2AE1193C007EC056 /* MainViewController.swift */; };
		32BF15E02AE119B1007EC056 /* MainTableViewCell.swift in Sources */ = {isa = PBXBuildFile; fileRef = 32BF15DF2AE119B1007EC056 /* MainTableViewCell.swift */; };
		32BF15E22AE119D0007EC056 /* MainViewModel.swift in Sources */ = {isa = PBXBuildFile; fileRef = 32BF15E12AE119D0007EC056 /* MainViewModel.swift */; };
		32BF15E42AE119DC007EC056 /* MainModel.swift in Sources */ = {isa = PBXBuildFile; fileRef = 32BF15E32AE119DC007EC056 /* MainModel.swift */; };
		32BF15E62AE119F2007EC056 /* MainNetworkManager.swift in Sources */ = {isa = PBXBuildFile; fileRef = 32BF15E52AE119F2007EC056 /* MainNetworkManager.swift */; };
		32BF15EE2AE11A62007EC056 /* DetailViewController.swift in Sources */ = {isa = PBXBuildFile; fileRef = 32BF15ED2AE11A62007EC056 /* DetailViewController.swift */; };
		32BF15F02AE11A79007EC056 /* DetailViewModel.swift in Sources */ = {isa = PBXBuildFile; fileRef = 32BF15EF2AE11A79007EC056 /* DetailViewModel.swift */; };
		32BF15F22AE11A80007EC056 /* DetailModel.swift in Sources */ = {isa = PBXBuildFile; fileRef = 32BF15F12AE11A80007EC056 /* DetailModel.swift */; };
		32BF15F42AE11A8B007EC056 /* DetailNetworkManager.swift in Sources */ = {isa = PBXBuildFile; fileRef = 32BF15F32AE11A8B007EC056 /* DetailNetworkManager.swift */; };
		32BF15F82AE162CE007EC056 /* Extension+UIColor.swift in Sources */ = {isa = PBXBuildFile; fileRef = 32BF15F72AE162CE007EC056 /* Extension+UIColor.swift */; };
		32BF15FA2AE164E5007EC056 /* Helper.swift in Sources */ = {isa = PBXBuildFile; fileRef = 32BF15F92AE164E5007EC056 /* Helper.swift */; };
/* End PBXBuildFile section */

/* Begin PBXFileReference section */
		32BF15BF2AE1102D007EC056 /* TestTaskIOSTrainee.app */ = {isa = PBXFileReference; explicitFileType = wrapper.application; includeInIndex = 0; path = TestTaskIOSTrainee.app; sourceTree = BUILT_PRODUCTS_DIR; };
		32BF15C22AE1102D007EC056 /* AppDelegate.swift */ = {isa = PBXFileReference; lastKnownFileType = sourcecode.swift; path = AppDelegate.swift; sourceTree = "<group>"; };
		32BF15C42AE1102D007EC056 /* SceneDelegate.swift */ = {isa = PBXFileReference; lastKnownFileType = sourcecode.swift; path = SceneDelegate.swift; sourceTree = "<group>"; };
		32BF15CB2AE11032007EC056 /* Assets.xcassets */ = {isa = PBXFileReference; lastKnownFileType = folder.assetcatalog; path = Assets.xcassets; sourceTree = "<group>"; };
		32BF15CE2AE11032007EC056 /* Base */ = {isa = PBXFileReference; lastKnownFileType = file.storyboard; name = Base; path = Base.lproj/LaunchScreen.storyboard; sourceTree = "<group>"; };
		32BF15D02AE11032007EC056 /* Info.plist */ = {isa = PBXFileReference; lastKnownFileType = text.plist.xml; path = Info.plist; sourceTree = "<group>"; };
		32BF15DA2AE1193C007EC056 /* MainViewController.swift */ = {isa = PBXFileReference; lastKnownFileType = sourcecode.swift; path = MainViewController.swift; sourceTree = "<group>"; };
		32BF15DF2AE119B1007EC056 /* MainTableViewCell.swift */ = {isa = PBXFileReference; lastKnownFileType = sourcecode.swift; path = MainTableViewCell.swift; sourceTree = "<group>"; };
		32BF15E12AE119D0007EC056 /* MainViewModel.swift */ = {isa = PBXFileReference; lastKnownFileType = sourcecode.swift; path = MainViewModel.swift; sourceTree = "<group>"; };
		32BF15E32AE119DC007EC056 /* MainModel.swift */ = {isa = PBXFileReference; lastKnownFileType = sourcecode.swift; path = MainModel.swift; sourceTree = "<group>"; };
		32BF15E52AE119F2007EC056 /* MainNetworkManager.swift */ = {isa = PBXFileReference; lastKnownFileType = sourcecode.swift; path = MainNetworkManager.swift; sourceTree = "<group>"; };
		32BF15ED2AE11A62007EC056 /* DetailViewController.swift */ = {isa = PBXFileReference; lastKnownFileType = sourcecode.swift; path = DetailViewController.swift; sourceTree = "<group>"; };
		32BF15EF2AE11A79007EC056 /* DetailViewModel.swift */ = {isa = PBXFileReference; lastKnownFileType = sourcecode.swift; path = DetailViewModel.swift; sourceTree = "<group>"; };
		32BF15F12AE11A80007EC056 /* DetailModel.swift */ = {isa = PBXFileReference; lastKnownFileType = sourcecode.swift; path = DetailModel.swift; sourceTree = "<group>"; };
		32BF15F32AE11A8B007EC056 /* DetailNetworkManager.swift */ = {isa = PBXFileReference; lastKnownFileType = sourcecode.swift; path = DetailNetworkManager.swift; sourceTree = "<group>"; };
		32BF15F72AE162CE007EC056 /* Extension+UIColor.swift */ = {isa = PBXFileReference; lastKnownFileType = sourcecode.swift; path = "Extension+UIColor.swift"; sourceTree = "<group>"; };
		32BF15F92AE164E5007EC056 /* Helper.swift */ = {isa = PBXFileReference; lastKnownFileType = sourcecode.swift; path = Helper.swift; sourceTree = "<group>"; };
/* End PBXFileReference section */

/* Begin PBXFrameworksBuildPhase section */
		32BF15BC2AE1102D007EC056 /* Frameworks */ = {
			isa = PBXFrameworksBuildPhase;
			buildActionMask = 2147483647;
			files = (
			);
			runOnlyForDeploymentPostprocessing = 0;
		};
/* End PBXFrameworksBuildPhase section */

/* Begin PBXGroup section */
		32BF15B62AE1102D007EC056 = {
			isa = PBXGroup;
			children = (
				32BF15C12AE1102D007EC056 /* TestTaskIOSTrainee */,
				32BF15C02AE1102D007EC056 /* Products */,
			);
			sourceTree = "<group>";
		};
		32BF15C02AE1102D007EC056 /* Products */ = {
			isa = PBXGroup;
			children = (
				32BF15BF2AE1102D007EC056 /* TestTaskIOSTrainee.app */,
			);
			name = Products;
			sourceTree = "<group>";
		};
		32BF15C12AE1102D007EC056 /* TestTaskIOSTrainee */ = {
			isa = PBXGroup;
			children = (
				32BF15D72AE118B4007EC056 /* Resources */,
				32BF15D62AE1189F007EC056 /* MainScreen */,
				32BF15E72AE11A01007EC056 /* DetailScreen */,
				32BF15F52AE11A94007EC056 /* Extensions */,
				32BF15F62AE11A9E007EC056 /* Helper */,
				32BF15CB2AE11032007EC056 /* Assets.xcassets */,
				32BF15CD2AE11032007EC056 /* LaunchScreen.storyboard */,
				32BF15D02AE11032007EC056 /* Info.plist */,
			);
			path = TestTaskIOSTrainee;
			sourceTree = "<group>";
		};
		32BF15D62AE1189F007EC056 /* MainScreen */ = {
			isa = PBXGroup;
			children = (
				32BF15D82AE118E3007EC056 /* View */,
				32BF15DC2AE1195C007EC056 /* ViewModel */,
				32BF15DD2AE11964007EC056 /* Model */,
				32BF15DE2AE11979007EC056 /* Network */,
			);
			path = MainScreen;
			sourceTree = "<group>";
		};
		32BF15D72AE118B4007EC056 /* Resources */ = {
			isa = PBXGroup;
			children = (
				32BF15C22AE1102D007EC056 /* AppDelegate.swift */,
				32BF15C42AE1102D007EC056 /* SceneDelegate.swift */,
			);
			path = Resources;
			sourceTree = "<group>";
		};
		32BF15D82AE118E3007EC056 /* View */ = {
			isa = PBXGroup;
			children = (
				32BF15DA2AE1193C007EC056 /* MainViewController.swift */,
				32BF15D92AE118FA007EC056 /* Cell */,
			);
			path = View;
			sourceTree = "<group>";
		};
		32BF15D92AE118FA007EC056 /* Cell */ = {
			isa = PBXGroup;
			children = (
				32BF15DF2AE119B1007EC056 /* MainTableViewCell.swift */,
			);
			path = Cell;
			sourceTree = "<group>";
		};
		32BF15DC2AE1195C007EC056 /* ViewModel */ = {
			isa = PBXGroup;
			children = (
				32BF15E12AE119D0007EC056 /* MainViewModel.swift */,
			);
			path = ViewModel;
			sourceTree = "<group>";
		};
		32BF15DD2AE11964007EC056 /* Model */ = {
			isa = PBXGroup;
			children = (
				32BF15E32AE119DC007EC056 /* MainModel.swift */,
			);
			path = Model;
			sourceTree = "<group>";
		};
		32BF15DE2AE11979007EC056 /* Network */ = {
			isa = PBXGroup;
			children = (
				32BF15E52AE119F2007EC056 /* MainNetworkManager.swift */,
			);
			path = Network;
			sourceTree = "<group>";
		};
		32BF15E72AE11A01007EC056 /* DetailScreen */ = {
			isa = PBXGroup;
			children = (
				32BF15EB2AE11A39007EC056 /* View */,
				32BF15EA2AE11A32007EC056 /* ViewModel */,
				32BF15E92AE11A2D007EC056 /* Model */,
				32BF15E82AE11A1E007EC056 /* Network */,
			);
			path = DetailScreen;
			sourceTree = "<group>";
		};
		32BF15E82AE11A1E007EC056 /* Network */ = {
			isa = PBXGroup;
			children = (
				32BF15F32AE11A8B007EC056 /* DetailNetworkManager.swift */,
			);
			path = Network;
			sourceTree = "<group>";
		};
		32BF15E92AE11A2D007EC056 /* Model */ = {
			isa = PBXGroup;
			children = (
				32BF15F12AE11A80007EC056 /* DetailModel.swift */,
			);
			path = Model;
			sourceTree = "<group>";
		};
		32BF15EA2AE11A32007EC056 /* ViewModel */ = {
			isa = PBXGroup;
			children = (
				32BF15EF2AE11A79007EC056 /* DetailViewModel.swift */,
			);
			path = ViewModel;
			sourceTree = "<group>";
		};
		32BF15EB2AE11A39007EC056 /* View */ = {
			isa = PBXGroup;
			children = (
				32BF15ED2AE11A62007EC056 /* DetailViewController.swift */,
			);
			path = View;
			sourceTree = "<group>";
		};
		32BF15F52AE11A94007EC056 /* Extensions */ = {
			isa = PBXGroup;
			children = (
				32BF15F72AE162CE007EC056 /* Extension+UIColor.swift */,
			);
			path = Extensions;
			sourceTree = "<group>";
		};
		32BF15F62AE11A9E007EC056 /* Helper */ = {
			isa = PBXGroup;
			children = (
				32BF15F92AE164E5007EC056 /* Helper.swift */,
			);
			path = Helper;
			sourceTree = "<group>";
		};
/* End PBXGroup section */

/* Begin PBXNativeTarget section */
		32BF15BE2AE1102D007EC056 /* TestTaskIOSTrainee */ = {
			isa = PBXNativeTarget;
			buildConfigurationList = 32BF15D32AE11032007EC056 /* Build configuration list for PBXNativeTarget "TestTaskIOSTrainee" */;
			buildPhases = (
				32BF15BB2AE1102D007EC056 /* Sources */,
				32BF15BC2AE1102D007EC056 /* Frameworks */,
				32BF15BD2AE1102D007EC056 /* Resources */,
			);
			buildRules = (
			);
			dependencies = (
			);
			name = TestTaskIOSTrainee;
			productName = TestTaskIOSTrainee;
			productReference = 32BF15BF2AE1102D007EC056 /* TestTaskIOSTrainee.app */;
			productType = "com.apple.product-type.application";
		};
/* End PBXNativeTarget section */

/* Begin PBXProject section */
		32BF15B72AE1102D007EC056 /* Project object */ = {
			isa = PBXProject;
			attributes = {
				BuildIndependentTargetsInParallel = 1;
				LastSwiftUpdateCheck = 1430;
				LastUpgradeCheck = 1430;
				TargetAttributes = {
					32BF15BE2AE1102D007EC056 = {
						CreatedOnToolsVersion = 14.3.1;
					};
				};
			};
			buildConfigurationList = 32BF15BA2AE1102D007EC056 /* Build configuration list for PBXProject "TestTaskIOSTrainee" */;
			compatibilityVersion = "Xcode 14.0";
			developmentRegion = en;
			hasScannedForEncodings = 0;
			knownRegions = (
				en,
				Base,
			);
			mainGroup = 32BF15B62AE1102D007EC056;
			productRefGroup = 32BF15C02AE1102D007EC056 /* Products */;
			projectDirPath = "";
			projectRoot = "";
			targets = (
				32BF15BE2AE1102D007EC056 /* TestTaskIOSTrainee */,
			);
		};
/* End PBXProject section */

/* Begin PBXResourcesBuildPhase section */
		32BF15BD2AE1102D007EC056 /* Resources */ = {
			isa = PBXResourcesBuildPhase;
			buildActionMask = 2147483647;
			files = (
				32BF15CF2AE11032007EC056 /* LaunchScreen.storyboard in Resources */,
				32BF15CC2AE11032007EC056 /* Assets.xcassets in Resources */,
			);
			runOnlyForDeploymentPostprocessing = 0;
		};
/* End PBXResourcesBuildPhase section */

/* Begin PBXSourcesBuildPhase section */
		32BF15BB2AE1102D007EC056 /* Sources */ = {
			isa = PBXSourcesBuildPhase;
			buildActionMask = 2147483647;
			files = (
				32BF15E22AE119D0007EC056 /* MainViewModel.swift in Sources */,
				32BF15C32AE1102D007EC056 /* AppDelegate.swift in Sources */,
				32BF15E42AE119DC007EC056 /* MainModel.swift in Sources */,
				32BF15F42AE11A8B007EC056 /* DetailNetworkManager.swift in Sources */,
				32BF15C52AE1102D007EC056 /* SceneDelegate.swift in Sources */,
				32BF15F02AE11A79007EC056 /* DetailViewModel.swift in Sources */,
				32BF15E02AE119B1007EC056 /* MainTableViewCell.swift in Sources */,
				32BF15F22AE11A80007EC056 /* DetailModel.swift in Sources */,
				32BF15DB2AE1193C007EC056 /* MainViewController.swift in Sources */,
				32BF15E62AE119F2007EC056 /* MainNetworkManager.swift in Sources */,
				32BF15FA2AE164E5007EC056 /* Helper.swift in Sources */,
				32BF15EE2AE11A62007EC056 /* DetailViewController.swift in Sources */,
				32BF15F82AE162CE007EC056 /* Extension+UIColor.swift in Sources */,
			);
			runOnlyForDeploymentPostprocessing = 0;
		};
/* End PBXSourcesBuildPhase section */

/* Begin PBXVariantGroup section */
		32BF15CD2AE11032007EC056 /* LaunchScreen.storyboard */ = {
			isa = PBXVariantGroup;
			children = (
				32BF15CE2AE11032007EC056 /* Base */,
			);
			name = LaunchScreen.storyboard;
			sourceTree = "<group>";
		};
/* End PBXVariantGroup section */

/* Begin XCBuildConfiguration section */
		32BF15D12AE11032007EC056 /* Debug */ = {
			isa = XCBuildConfiguration;
			buildSettings = {
				ALWAYS_SEARCH_USER_PATHS = NO;
				CLANG_ANALYZER_NONNULL = YES;
				CLANG_ANALYZER_NUMBER_OBJECT_CONVERSION = YES_AGGRESSIVE;
				CLANG_CXX_LANGUAGE_STANDARD = "gnu++20";
				CLANG_ENABLE_MODULES = YES;
				CLANG_ENABLE_OBJC_ARC = YES;
				CLANG_ENABLE_OBJC_WEAK = YES;
				CLANG_WARN_BLOCK_CAPTURE_AUTORELEASING = YES;
				CLANG_WARN_BOOL_CONVERSION = YES;
				CLANG_WARN_COMMA = YES;
				CLANG_WARN_CONSTANT_CONVERSION = YES;
				CLANG_WARN_DEPRECATED_OBJC_IMPLEMENTATIONS = YES;
				CLANG_WARN_DIRECT_OBJC_ISA_USAGE = YES_ERROR;
				CLANG_WARN_DOCUMENTATION_COMMENTS = YES;
				CLANG_WARN_EMPTY_BODY = YES;
				CLANG_WARN_ENUM_CONVERSION = YES;
				CLANG_WARN_INFINITE_RECURSION = YES;
				CLANG_WARN_INT_CONVERSION = YES;
				CLANG_WARN_NON_LITERAL_NULL_CONVERSION = YES;
				CLANG_WARN_OBJC_IMPLICIT_RETAIN_SELF = YES;
				CLANG_WARN_OBJC_LITERAL_CONVERSION = YES;
				CLANG_WARN_OBJC_ROOT_CLASS = YES_ERROR;
				CLANG_WARN_QUOTED_INCLUDE_IN_FRAMEWORK_HEADER = YES;
				CLANG_WARN_RANGE_LOOP_ANALYSIS = YES;
				CLANG_WARN_STRICT_PROTOTYPES = YES;
				CLANG_WARN_SUSPICIOUS_MOVE = YES;
				CLANG_WARN_UNGUARDED_AVAILABILITY = YES_AGGRESSIVE;
				CLANG_WARN_UNREACHABLE_CODE = YES;
				CLANG_WARN__DUPLICATE_METHOD_MATCH = YES;
				COPY_PHASE_STRIP = NO;
				DEBUG_INFORMATION_FORMAT = dwarf;
				ENABLE_STRICT_OBJC_MSGSEND = YES;
				ENABLE_TESTABILITY = YES;
				GCC_C_LANGUAGE_STANDARD = gnu11;
				GCC_DYNAMIC_NO_PIC = NO;
				GCC_NO_COMMON_BLOCKS = YES;
				GCC_OPTIMIZATION_LEVEL = 0;
				GCC_PREPROCESSOR_DEFINITIONS = (
					"DEBUG=1",
					"$(inherited)",
				);
				GCC_WARN_64_TO_32_BIT_CONVERSION = YES;
				GCC_WARN_ABOUT_RETURN_TYPE = YES_ERROR;
				GCC_WARN_UNDECLARED_SELECTOR = YES;
				GCC_WARN_UNINITIALIZED_AUTOS = YES_AGGRESSIVE;
				GCC_WARN_UNUSED_FUNCTION = YES;
				GCC_WARN_UNUSED_VARIABLE = YES;
				IPHONEOS_DEPLOYMENT_TARGET = 16.4;
				MTL_ENABLE_DEBUG_INFO = INCLUDE_SOURCE;
				MTL_FAST_MATH = YES;
				ONLY_ACTIVE_ARCH = YES;
				SDKROOT = iphoneos;
				SWIFT_ACTIVE_COMPILATION_CONDITIONS = DEBUG;
				SWIFT_OPTIMIZATION_LEVEL = "-Onone";
			};
			name = Debug;
		};
		32BF15D22AE11032007EC056 /* Release */ = {
			isa = XCBuildConfiguration;
			buildSettings = {
				ALWAYS_SEARCH_USER_PATHS = NO;
				CLANG_ANALYZER_NONNULL = YES;
				CLANG_ANALYZER_NUMBER_OBJECT_CONVERSION = YES_AGGRESSIVE;
				CLANG_CXX_LANGUAGE_STANDARD = "gnu++20";
				CLANG_ENABLE_MODULES = YES;
				CLANG_ENABLE_OBJC_ARC = YES;
				CLANG_ENABLE_OBJC_WEAK = YES;
				CLANG_WARN_BLOCK_CAPTURE_AUTORELEASING = YES;
				CLANG_WARN_BOOL_CONVERSION = YES;
				CLANG_WARN_COMMA = YES;
				CLANG_WARN_CONSTANT_CONVERSION = YES;
				CLANG_WARN_DEPRECATED_OBJC_IMPLEMENTATIONS = YES;
				CLANG_WARN_DIRECT_OBJC_ISA_USAGE = YES_ERROR;
				CLANG_WARN_DOCUMENTATION_COMMENTS = YES;
				CLANG_WARN_EMPTY_BODY = YES;
				CLANG_WARN_ENUM_CONVERSION = YES;
				CLANG_WARN_INFINITE_RECURSION = YES;
				CLANG_WARN_INT_CONVERSION = YES;
				CLANG_WARN_NON_LITERAL_NULL_CONVERSION = YES;
				CLANG_WARN_OBJC_IMPLICIT_RETAIN_SELF = YES;
				CLANG_WARN_OBJC_LITERAL_CONVERSION = YES;
				CLANG_WARN_OBJC_ROOT_CLASS = YES_ERROR;
				CLANG_WARN_QUOTED_INCLUDE_IN_FRAMEWORK_HEADER = YES;
				CLANG_WARN_RANGE_LOOP_ANALYSIS = YES;
				CLANG_WARN_STRICT_PROTOTYPES = YES;
				CLANG_WARN_SUSPICIOUS_MOVE = YES;
				CLANG_WARN_UNGUARDED_AVAILABILITY = YES_AGGRESSIVE;
				CLANG_WARN_UNREACHABLE_CODE = YES;
				CLANG_WARN__DUPLICATE_METHOD_MATCH = YES;
				COPY_PHASE_STRIP = NO;
				DEBUG_INFORMATION_FORMAT = "dwarf-with-dsym";
				ENABLE_NS_ASSERTIONS = NO;
				ENABLE_STRICT_OBJC_MSGSEND = YES;
				GCC_C_LANGUAGE_STANDARD = gnu11;
				GCC_NO_COMMON_BLOCKS = YES;
				GCC_WARN_64_TO_32_BIT_CONVERSION = YES;
				GCC_WARN_ABOUT_RETURN_TYPE = YES_ERROR;
				GCC_WARN_UNDECLARED_SELECTOR = YES;
				GCC_WARN_UNINITIALIZED_AUTOS = YES_AGGRESSIVE;
				GCC_WARN_UNUSED_FUNCTION = YES;
				GCC_WARN_UNUSED_VARIABLE = YES;
				IPHONEOS_DEPLOYMENT_TARGET = 16.4;
				MTL_ENABLE_DEBUG_INFO = NO;
				MTL_FAST_MATH = YES;
				SDKROOT = iphoneos;
				SWIFT_COMPILATION_MODE = wholemodule;
				SWIFT_OPTIMIZATION_LEVEL = "-O";
				VALIDATE_PRODUCT = YES;
			};
			name = Release;
		};
		32BF15D42AE11032007EC056 /* Debug */ = {
			isa = XCBuildConfiguration;
			buildSettings = {
				ASSETCATALOG_COMPILER_APPICON_NAME = AppIcon;
				ASSETCATALOG_COMPILER_GLOBAL_ACCENT_COLOR_NAME = AccentColor;
				CODE_SIGN_STYLE = Automatic;
				CURRENT_PROJECT_VERSION = 1;
				DEVELOPMENT_TEAM = YN6MGUXLHK;
				GENERATE_INFOPLIST_FILE = YES;
				INFOPLIST_FILE = TestTaskIOSTrainee/Info.plist;
				INFOPLIST_KEY_UIApplicationSupportsIndirectInputEvents = YES;
				INFOPLIST_KEY_UILaunchStoryboardName = LaunchScreen;
				INFOPLIST_KEY_UIMainStoryboardFile = "";
				INFOPLIST_KEY_UISupportedInterfaceOrientations = UIInterfaceOrientationPortrait;
				INFOPLIST_KEY_UISupportedInterfaceOrientations_iPad = "UIInterfaceOrientationLandscapeLeft UIInterfaceOrientationLandscapeRight UIInterfaceOrientationPortrait UIInterfaceOrientationPortraitUpsideDown";
				IPHONEOS_DEPLOYMENT_TARGET = 14.0;
				LD_RUNPATH_SEARCH_PATHS = (
					"$(inherited)",
					"@executable_path/Frameworks",
				);
				MARKETING_VERSION = 1.0;
				PRODUCT_BUNDLE_IDENTIFIER = com.appsite.TestTaskIOSTrainee;
				PRODUCT_NAME = "$(TARGET_NAME)";
				SUPPORTED_PLATFORMS = "iphoneos iphonesimulator";
				SUPPORTS_MACCATALYST = NO;
				SUPPORTS_MAC_DESIGNED_FOR_IPHONE_IPAD = NO;
				SWIFT_EMIT_LOC_STRINGS = YES;
				SWIFT_VERSION = 5.0;
				TARGETED_DEVICE_FAMILY = 1;
			};
			name = Debug;
		};
		32BF15D52AE11032007EC056 /* Release */ = {
			isa = XCBuildConfiguration;
			buildSettings = {
				ASSETCATALOG_COMPILER_APPICON_NAME = AppIcon;
				ASSETCATALOG_COMPILER_GLOBAL_ACCENT_COLOR_NAME = AccentColor;
				CODE_SIGN_STYLE = Automatic;
				CURRENT_PROJECT_VERSION = 1;
				DEVELOPMENT_TEAM = YN6MGUXLHK;
				GENERATE_INFOPLIST_FILE = YES;
				INFOPLIST_FILE = TestTaskIOSTrainee/Info.plist;
				INFOPLIST_KEY_UIApplicationSupportsIndirectInputEvents = YES;
				INFOPLIST_KEY_UILaunchStoryboardName = LaunchScreen;
				INFOPLIST_KEY_UIMainStoryboardFile = "";
				INFOPLIST_KEY_UISupportedInterfaceOrientations = UIInterfaceOrientationPortrait;
				INFOPLIST_KEY_UISupportedInterfaceOrientations_iPad = "UIInterfaceOrientationLandscapeLeft UIInterfaceOrientationLandscapeRight UIInterfaceOrientationPortrait UIInterfaceOrientationPortraitUpsideDown";
				IPHONEOS_DEPLOYMENT_TARGET = 14.0;
				LD_RUNPATH_SEARCH_PATHS = (
					"$(inherited)",
					"@executable_path/Frameworks",
				);
				MARKETING_VERSION = 1.0;
				PRODUCT_BUNDLE_IDENTIFIER = com.appsite.TestTaskIOSTrainee;
				PRODUCT_NAME = "$(TARGET_NAME)";
				SUPPORTED_PLATFORMS = "iphoneos iphonesimulator";
				SUPPORTS_MACCATALYST = NO;
				SUPPORTS_MAC_DESIGNED_FOR_IPHONE_IPAD = NO;
				SWIFT_EMIT_LOC_STRINGS = YES;
				SWIFT_VERSION = 5.0;
				TARGETED_DEVICE_FAMILY = 1;
			};
			name = Release;
		};
/* End XCBuildConfiguration section */

/* Begin XCConfigurationList section */
		32BF15BA2AE1102D007EC056 /* Build configuration list for PBXProject "TestTaskIOSTrainee" */ = {
			isa = XCConfigurationList;
			buildConfigurations = (
				32BF15D12AE11032007EC056 /* Debug */,
				32BF15D22AE11032007EC056 /* Release */,
			);
			defaultConfigurationIsVisible = 0;
			defaultConfigurationName = Release;
		};
		32BF15D32AE11032007EC056 /* Build configuration list for PBXNativeTarget "TestTaskIOSTrainee" */ = {
			isa = XCConfigurationList;
			buildConfigurations = (
				32BF15D42AE11032007EC056 /* Debug */,
				32BF15D52AE11032007EC056 /* Release */,
			);
			defaultConfigurationIsVisible = 0;
			defaultConfigurationName = Release;
		};
/* End XCConfigurationList section */
	};
	rootObject = 32BF15B72AE1102D007EC056 /* Project object */;
}
